
Microsoft Visual Studio Solution File, Format Version 12.00
# Visual Studio Version 17
VisualStudioVersion = 17.11.35312.102
MinimumVisualStudioVersion = 10.0.40219.1
Project("{9A19103F-16F7-4668-BE54-9A1E7A4F7556}") = "GetFiles-Core", "GetFiles-Core\GetFiles-Core.csproj", "{0AA65AB4-9605-42D6-9E5D-5CF6A019DD9C}"
EndProject
Project("{FAE04EC0-301F-11D3-BF4B-00C04F79EFBC}") = "GetFiles-Framework", "GetFiles-Framework\GetFiles-Framework.csproj", "{D5E62F02-B761-4281-8868-B4A2A0D66D21}"
EndProject
Project("{FAE04EC0-301F-11D3-BF4B-00C04F79EFBC}") = "CreateTestFiles", "CreateTestData\CreateTestFiles.csproj", "{CB774735-3D3F-456F-92D9-68DF11FD7551}"
EndProject
Global
	GlobalSection(SolutionConfigurationPlatforms) = preSolution
		Debug|Any CPU = Debug|Any CPU
		Release|Any CPU = Release|Any CPU
	EndGlobalSection
	GlobalSection(ProjectConfigurationPlatforms) = postSolution
		{0AA65AB4-9605-42D6-9E5D-5CF6A019DD9C}.Debug|Any CPU.ActiveCfg = Debug|Any CPU
		{0AA65AB4-9605-42D6-9E5D-5CF6A019DD9C}.Debug|Any CPU.Build.0 = Debug|Any CPU
		{0AA65AB4-9605-42D6-9E5D-5CF6A019DD9C}.Release|Any CPU.ActiveCfg = Release|Any CPU
		{0AA65AB4-9605-42D6-9E5D-5CF6A019DD9C}.Release|Any CPU.Build.0 = Release|Any CPU
		{D5E62F02-B761-4281-8868-B4A2A0D66D21}.Debug|Any CPU.ActiveCfg = Debug|Any CPU
		{D5E62F02-B761-4281-8868-B4A2A0D66D21}.Debug|Any CPU.Build.0 = Debug|Any CPU
		{D5E62F02-B761-4281-8868-B4A2A0D66D21}.Release|Any CPU.ActiveCfg = Release|Any CPU
		{D5E62F02-B761-4281-8868-B4A2A0D66D21}.Release|Any CPU.Build.0 = Release|Any CPU
		{CB774735-3D3F-456F-92D9-68DF11FD7551}.Debug|Any CPU.ActiveCfg = Debug|Any CPU
		{CB774735-3D3F-456F-92D9-68DF11FD7551}.Debug|Any CPU.Build.0 = Debug|Any CPU
		{CB774735-3D3F-456F-92D9-68DF11FD7551}.Release|Any CPU.ActiveCfg = Release|Any CPU
		{CB774735-3D3F-456F-92D9-68DF11FD7551}.Release|Any CPU.Build.0 = Release|Any CPU
	EndGlobalSection
	GlobalSection(SolutionProperties) = preSolution
		HideSolutionNode = FALSE
	EndGlobalSection
	GlobalSection(ExtensibilityGlobals) = postSolution
		SolutionGuid = {E53CB0F9-E04A-4D9E-ACF1-D02549CD8695}
	EndGlobalSection
EndGlobal
